// !$*UTF8*$!
{
	archiveVersion = 1;
	classes = {
	};
	objectVersion = 77;
	objects = {

/* Begin PBXBuildFile section */
		EF535C072F2A464800F12546 /* Supabase in Frameworks */ = {isa = PBXBuildFile; productRef = AA000001AAAAAAAA00000000 /* Supabase */; };
/* End PBXBuildFile section */

/* Begin PBXContainerItemProxy section */
		EF758E092F1BE314008EDB49 /* PBXContainerItemProxy */ = {
			isa = PBXContainerItemProxy;
			containerPortal = EF758DF32F1BE311008EDB49 /* Project object */;
			proxyType = 1;
			remoteGlobalIDString = EF758DFA2F1BE311008EDB49;
			remoteInfo = petnames;
		};
		EF758E132F1BE314008EDB49 /* PBXContainerItemProxy */ = {
			isa = PBXContainerItemProxy;
			containerPortal = EF758DF32F1BE311008EDB49 /* Project object */;
			proxyType = 1;
			remoteGlobalIDString = EF758DFA2F1BE311008EDB49;
			remoteInfo = petnames;
		};
/* End PBXContainerItemProxy section */

/* Begin PBXFileReference section */
		EF758DFB2F1BE312008EDB49 /* petnames.app */ = {isa = PBXFileReference; explicitFileType = wrapper.application; includeInIndex = 0; path = petnames.app; sourceTree = BUILT_PRODUCTS_DIR; };
		EF758E082F1BE314008EDB49 /* petnamesTests.xctest */ = {isa = PBXFileReference; explicitFileType = wrapper.cfbundle; includeInIndex = 0; path = petnamesTests.xctest; sourceTree = BUILT_PRODUCTS_DIR; };
		EF758E122F1BE314008EDB49 /* petnamesUITests.xctest */ = {isa = PBXFileReference; explicitFileType = wrapper.cfbundle; includeInIndex = 0; path = petnamesUITests.xctest; sourceTree = BUILT_PRODUCTS_DIR; };
/* End PBXFileReference section */

/* Begin PBXFileSystemSynchronizedBuildFileExceptionSet section */
		EF535C4A2F2A57E500F12546 /* Exceptions for "petnames" folder in "petnames" target */ = {
			isa = PBXFileSystemSynchronizedBuildFileExceptionSet;
			membershipExceptions = (
				Info.plist,
			);
			target = EF758DFA2F1BE311008EDB49 /* petnames */;
		};
/* End PBXFileSystemSynchronizedBuildFileExceptionSet section */

/* Begin PBXFileSystemSynchronizedRootGroup section */
		EF758DFD2F1BE312008EDB49 /* petnames */ = {
			isa = PBXFileSystemSynchronizedRootGroup;
			exceptions = (
				EF535C4A2F2A57E500F12546 /* Exceptions for "petnames" folder in "petnames" target */,
			);
			path = petnames;
			sourceTree = "<group>";
		};
		EF758E0B2F1BE314008EDB49 /* petnamesTests */ = {
			isa = PBXFileSystemSynchronizedRootGroup;
			path = petnamesTests;
			sourceTree = "<group>";
		};
		EF758E152F1BE314008EDB49 /* petnamesUITests */ = {
			isa = PBXFileSystemSynchronizedRootGroup;
			path = petnamesUITests;
			sourceTree = "<group>";
		};
/* End PBXFileSystemSynchronizedRootGroup section */

/* Begin PBXFrameworksBuildPhase section */
		EF758DF82F1BE311008EDB49 /* Frameworks */ = {
			isa = PBXFrameworksBuildPhase;
			buildActionMask = 2147483647;
			files = (
				EF535C072F2A464800F12546 /* Supabase in Frameworks */,
			);
			runOnlyForDeploymentPostprocessing = 0;
		};
		EF758E052F1BE314008EDB49 /* Frameworks */ = {
			isa = PBXFrameworksBuildPhase;
			buildActionMask = 2147483647;
			files = (
			);
			runOnlyForDeploymentPostprocessing = 0;
		};
		EF758E0F2F1BE314008EDB49 /* Frameworks */ = {
			isa = PBXFrameworksBuildPhase;
			buildActionMask = 2147483647;
			files = (
			);
			runOnlyForDeploymentPostprocessing = 0;
		};
/* End PBXFrameworksBuildPhase section */

/* Begin PBXGroup section */
		EF758DF22F1BE311008EDB49 = {
			isa = PBXGroup;
			children = (
				EF758DFD2F1BE312008EDB49 /* petnames */,
				EF758E0B2F1BE314008EDB49 /* petnamesTests */,
				EF758E152F1BE314008EDB49 /* petnamesUITests */,
				EF758DFC2F1BE312008EDB49 /* Products */,
			);
			sourceTree = "<group>";
		};
		EF758DFC2F1BE312008EDB49 /* Products */ = {
			isa = PBXGroup;
			children = (
				EF758DFB2F1BE312008EDB49 /* petnames.app */,
				EF758E082F1BE314008EDB49 /* petnamesTests.xctest */,
				EF758E122F1BE314008EDB49 /* petnamesUITests.xctest */,
			);
			name = Products;
			sourceTree = "<group>";
		};
/* End PBXGroup section */

/* Begin PBXNativeTarget section */
		EF758DFA2F1BE311008EDB49 /* petnames */ = {
			isa = PBXNativeTarget;
			buildConfigurationList = EF758E1C2F1BE314008EDB49 /* Build configuration list for PBXNativeTarget "petnames" */;
			buildPhases = (
				EF758DF72F1BE311008EDB49 /* Sources */,
				EF758DF82F1BE311008EDB49 /* Frameworks */,
				EF758DF92F1BE311008EDB49 /* Resources */,
			);
			buildRules = (
			);
			dependencies = (
			);
			fileSystemSynchronizedGroups = (
				EF758DFD2F1BE312008EDB49 /* petnames */,
			);
			name = petnames;
			packageProductDependencies = (
				AA000001AAAAAAAA00000000 /* Supabase */,
			);
			productName = petnames;
			productReference = EF758DFB2F1BE312008EDB49 /* petnames.app */;
			productType = "com.apple.product-type.application";
		};
		EF758E072F1BE314008EDB49 /* petnamesTests */ = {
			isa = PBXNativeTarget;
			buildConfigurationList = EF758E1F2F1BE314008EDB49 /* Build configuration list for PBXNativeTarget "petnamesTests" */;
			buildPhases = (
				EF758E042F1BE314008EDB49 /* Sources */,
				EF758E052F1BE314008EDB49 /* Frameworks */,
				EF758E062F1BE314008EDB49 /* Resources */,
			);
			buildRules = (
			);
			dependencies = (
				EF758E0A2F1BE314008EDB49 /* PBXTargetDependency */,
			);
			fileSystemSynchronizedGroups = (
				EF758E0B2F1BE314008EDB49 /* petnamesTests */,
			);
			name = petnamesTests;
			packageProductDependencies = (
			);
			productName = petnamesTests;
			productReference = EF758E082F1BE314008EDB49 /* petnamesTests.xctest */;
			productType = "com.apple.product-type.bundle.unit-test";
		};
		EF758E112F1BE314008EDB49 /* petnamesUITests */ = {
			isa = PBXNativeTarget;
			buildConfigurationList = EF758E222F1BE314008EDB49 /* Build configuration list for PBXNativeTarget "petnamesUITests" */;
			buildPhases = (
				EF758E0E2F1BE314008EDB49 /* Sources */,
				EF758E0F2F1BE314008EDB49 /* Frameworks */,
				EF758E102F1BE314008EDB49 /* Resources */,
			);
			buildRules = (
			);
			dependencies = (
				EF758E142F1BE314008EDB49 /* PBXTargetDependency */,
			);
			fileSystemSynchronizedGroups = (
				EF758E152F1BE314008EDB49 /* petnamesUITests */,
			);
			name = petnamesUITests;
			packageProductDependencies = (
			);
			productName = petnamesUITests;
			productReference = EF758E122F1BE314008EDB49 /* petnamesUITests.xctest */;
			productType = "com.apple.product-type.bundle.ui-testing";
		};
/* End PBXNativeTarget section */

/* Begin PBXProject section */
		EF758DF32F1BE311008EDB49 /* Project object */ = {
			isa = PBXProject;
			attributes = {
				BuildIndependentTargetsInParallel = 1;
				LastSwiftUpdateCheck = 2620;
				LastUpgradeCheck = 2620;
				TargetAttributes = {
					EF758DFA2F1BE311008EDB49 = {
						CreatedOnToolsVersion = 26.2;
					};
					EF758E072F1BE314008EDB49 = {
						CreatedOnToolsVersion = 26.2;
						TestTargetID = EF758DFA2F1BE311008EDB49;
					};
					EF758E112F1BE314008EDB49 = {
						CreatedOnToolsVersion = 26.2;
						TestTargetID = EF758DFA2F1BE311008EDB49;
					};
				};
			};
			buildConfigurationList = EF758DF62F1BE311008EDB49 /* Build configuration list for PBXProject "petnames" */;
			developmentRegion = en;
			hasScannedForEncodings = 0;
			knownRegions = (
				en,
				Base,
			);
			mainGroup = EF758DF22F1BE311008EDB49;
			minimizedProjectReferenceProxies = 1;
			packageReferences = (
				AA000000AAAAAAAA00000000 /* XCRemoteSwiftPackageReference "supabase-swift" */,
			);
			preferredProjectObjectVersion = 77;
			productRefGroup = EF758DFC2F1BE312008EDB49 /* Products */;
			projectDirPath = "";
			projectRoot = "";
			targets = (
				EF758DFA2F1BE311008EDB49 /* petnames */,
				EF758E072F1BE314008EDB49 /* petnamesTests */,
				EF758E112F1BE314008EDB49 /* petnamesUITests */,
			);
		};
/* End PBXProject section */

/* Begin PBXResourcesBuildPhase section */
		EF758DF92F1BE311008EDB49 /* Resources */ = {
			isa = PBXResourcesBuildPhase;
			buildActionMask = 2147483647;
			files = (
			);
			runOnlyForDeploymentPostprocessing = 0;
		};
		EF758E062F1BE314008EDB49 /* Resources */ = {
			isa = PBXResourcesBuildPhase;
			buildActionMask = 2147483647;
			files = (
			);
			runOnlyForDeploymentPostprocessing = 0;
		};
		EF758E102F1BE314008EDB49 /* Resources */ = {
			isa = PBXResourcesBuildPhase;
			buildActionMask = 2147483647;
			files = (
			);
			runOnlyForDeploymentPostprocessing = 0;
		};
/* End PBXResourcesBuildPhase section */

/* Begin PBXSourcesBuildPhase section */
		EF758DF72F1BE311008EDB49 /* Sources */ = {
			isa = PBXSourcesBuildPhase;
			buildActionMask = 2147483647;
			files = (
			);
			runOnlyForDeploymentPostprocessing = 0;
		};
		EF758E042F1BE314008EDB49 /* Sources */ = {
			isa = PBXSourcesBuildPhase;
			buildActionMask = 2147483647;
			files = (
			);
			runOnlyForDeploymentPostprocessing = 0;
		};
		EF758E0E2F1BE314008EDB49 /* Sources */ = {
			isa = PBXSourcesBuildPhase;
			buildActionMask = 2147483647;
			files = (
			);
			runOnlyForDeploymentPostprocessing = 0;
		};
/* End PBXSourcesBuildPhase section */

/* Begin PBXTargetDependency section */
		EF758E0A2F1BE314008EDB49 /* PBXTargetDependency */ = {
			isa = PBXTargetDependency;
			target = EF758DFA2F1BE311008EDB49 /* petnames */;
			targetProxy = EF758E092F1BE314008EDB49 /* PBXContainerItemProxy */;
		};
		EF758E142F1BE314008EDB49 /* PBXTargetDependency */ = {
			isa = PBXTargetDependency;
			target = EF758DFA2F1BE311008EDB49 /* petnames */;
			targetProxy = EF758E132F1BE314008EDB49 /* PBXContainerItemProxy */;
		};
/* End PBXTargetDependency section */

/* Begin XCBuildConfiguration section */
		EF758E1A2F1BE314008EDB49 /* Debug */ = {
			isa = XCBuildConfiguration;
			buildSettings = {
				ALWAYS_SEARCH_USER_PATHS = NO;
				ASSETCATALOG_COMPILER_GENERATE_SWIFT_ASSET_SYMBOL_EXTENSIONS = YES;
				CLANG_ANALYZER_NONNULL = YES;
				CLANG_ANALYZER_NUMBER_OBJECT_CONVERSION = YES_AGGRESSIVE;
				CLANG_CXX_LANGUAGE_STANDARD = "gnu++20";
				CLANG_ENABLE_MODULES = YES;
				CLANG_ENABLE_OBJC_ARC = YES;
				CLANG_ENABLE_OBJC_WEAK = YES;
				CLANG_WARN_BLOCK_CAPTURE_AUTORELEASING = YES;
				CLANG_WARN_BOOL_CONVERSION = YES;
				CLANG_WARN_COMMA = YES;
				CLANG_WARN_CONSTANT_CONVERSION = YES;
				CLANG_WARN_DEPRECATED_OBJC_IMPLEMENTATIONS = YES;
				CLANG_WARN_DIRECT_OBJC_ISA_USAGE = YES_ERROR;
				CLANG_WARN_DOCUMENTATION_COMMENTS = YES;
				CLANG_WARN_EMPTY_BODY = YES;
				CLANG_WARN_ENUM_CONVERSION = YES;
				CLANG_WARN_INFINITE_RECURSION = YES;
				CLANG_WARN_INT_CONVERSION = YES;
				CLANG_WARN_NON_LITERAL_NULL_CONVERSION = YES;
				CLANG_WARN_OBJC_IMPLICIT_RETAIN_SELF = YES;
				CLANG_WARN_OBJC_LITERAL_CONVERSION = YES;
				CLANG_WARN_OBJC_ROOT_CLASS = YES_ERROR;
				CLANG_WARN_QUOTED_INCLUDE_IN_FRAMEWORK_HEADER = YES;
				CLANG_WARN_RANGE_LOOP_ANALYSIS = YES;
				CLANG_WARN_STRICT_PROTOTYPES = YES;
				CLANG_WARN_SUSPICIOUS_MOVE = YES;
				CLANG_WARN_UNGUARDED_AVAILABILITY = YES_AGGRESSIVE;
				CLANG_WARN_UNREACHABLE_CODE = YES;
				CLANG_WARN__DUPLICATE_METHOD_MATCH = YES;
				COPY_PHASE_STRIP = NO;
				DEBUG_INFORMATION_FORMAT = dwarf;
				DEVELOPMENT_TEAM = 9V592235FH;
				ENABLE_STRICT_OBJC_MSGSEND = YES;
				ENABLE_TESTABILITY = YES;
				ENABLE_USER_SCRIPT_SANDBOXING = YES;
				GCC_C_LANGUAGE_STANDARD = gnu17;
				GCC_DYNAMIC_NO_PIC = NO;
				GCC_NO_COMMON_BLOCKS = YES;
				GCC_OPTIMIZATION_LEVEL = 0;
				GCC_PREPROCESSOR_DEFINITIONS = (
					"DEBUG=1",
					"$(inherited)",
				);
				GCC_WARN_64_TO_32_BIT_CONVERSION = YES;
				GCC_WARN_ABOUT_RETURN_TYPE = YES_ERROR;
				GCC_WARN_UNDECLARED_SELECTOR = YES;
				GCC_WARN_UNINITIALIZED_AUTOS = YES_AGGRESSIVE;
				GCC_WARN_UNUSED_FUNCTION = YES;
				GCC_WARN_UNUSED_VARIABLE = YES;
				IPHONEOS_DEPLOYMENT_TARGET = 17.0;
				LOCALIZATION_PREFERS_STRING_CATALOGS = YES;
				MTL_ENABLE_DEBUG_INFO = INCLUDE_SOURCE;
				MTL_FAST_MATH = YES;
				ONLY_ACTIVE_ARCH = YES;
				SDKROOT = iphoneos;
				SWIFT_ACTIVE_COMPILATION_CONDITIONS = "DEBUG $(inherited)";
				SWIFT_OPTIMIZATION_LEVEL = "-Onone";
			};
			name = Debug;
		};
		EF758E1B2F1BE314008EDB49 /* Release */ = {
			isa = XCBuildConfiguration;
			buildSettings = {
				ALWAYS_SEARCH_USER_PATHS = NO;
				ASSETCATALOG_COMPILER_GENERATE_SWIFT_ASSET_SYMBOL_EXTENSIONS = YES;
				CLANG_ANALYZER_NONNULL = YES;
				CLANG_ANALYZER_NUMBER_OBJECT_CONVERSION = YES_AGGRESSIVE;
				CLANG_CXX_LANGUAGE_STANDARD = "gnu++20";
				CLANG_ENABLE_MODULES = YES;
				CLANG_ENABLE_OBJC_ARC = YES;
				CLANG_ENABLE_OBJC_WEAK = YES;
				CLANG_WARN_BLOCK_CAPTURE_AUTORELEASING = YES;
				CLANG_WARN_BOOL_CONVERSION = YES;
				CLANG_WARN_COMMA = YES;
				CLANG_WARN_CONSTANT_CONVERSION = YES;
				CLANG_WARN_DEPRECATED_OBJC_IMPLEMENTATIONS = YES;
				CLANG_WARN_DIRECT_OBJC_ISA_USAGE = YES_ERROR;
				CLANG_WARN_DOCUMENTATION_COMMENTS = YES;
				CLANG_WARN_EMPTY_BODY = YES;
				CLANG_WARN_ENUM_CONVERSION = YES;
				CLANG_WARN_INFINITE_RECURSION = YES;
				CLANG_WARN_INT_CONVERSION = YES;
				CLANG_WARN_NON_LITERAL_NULL_CONVERSION = YES;
				CLANG_WARN_OBJC_IMPLICIT_RETAIN_SELF = YES;
				CLANG_WARN_OBJC_LITERAL_CONVERSION = YES;
				CLANG_WARN_OBJC_ROOT_CLASS = YES_ERROR;
				CLANG_WARN_QUOTED_INCLUDE_IN_FRAMEWORK_HEADER = YES;
				CLANG_WARN_RANGE_LOOP_ANALYSIS = YES;
				CLANG_WARN_STRICT_PROTOTYPES = YES;
				CLANG_WARN_SUSPICIOUS_MOVE = YES;
				CLANG_WARN_UNGUARDED_AVAILABILITY = YES_AGGRESSIVE;
				CLANG_WARN_UNREACHABLE_CODE = YES;
				CLANG_WARN__DUPLICATE_METHOD_MATCH = YES;
				COPY_PHASE_STRIP = NO;
				DEBUG_INFORMATION_FORMAT = "dwarf-with-dsym";
				DEVELOPMENT_TEAM = 9V592235FH;
				ENABLE_NS_ASSERTIONS = NO;
				ENABLE_STRICT_OBJC_MSGSEND = YES;
				ENABLE_USER_SCRIPT_SANDBOXING = YES;
				GCC_C_LANGUAGE_STANDARD = gnu17;
				GCC_NO_COMMON_BLOCKS = YES;
				GCC_WARN_64_TO_32_BIT_CONVERSION = YES;
				GCC_WARN_ABOUT_RETURN_TYPE = YES_ERROR;
				GCC_WARN_UNDECLARED_SELECTOR = YES;
				GCC_WARN_UNINITIALIZED_AUTOS = YES_AGGRESSIVE;
				GCC_WARN_UNUSED_FUNCTION = YES;
				GCC_WARN_UNUSED_VARIABLE = YES;
				IPHONEOS_DEPLOYMENT_TARGET = 17.0;
				LOCALIZATION_PREFERS_STRING_CATALOGS = YES;
				MTL_ENABLE_DEBUG_INFO = NO;
				MTL_FAST_MATH = YES;
				SDKROOT = iphoneos;
				SWIFT_COMPILATION_MODE = wholemodule;
				VALIDATE_PRODUCT = YES;
			};
			name = Release;
		};
		EF758E1D2F1BE314008EDB49 /* Debug */ = {
			isa = XCBuildConfiguration;
			buildSettings = {
				ASSETCATALOG_COMPILER_APPICON_NAME = AppIcon;
				ASSETCATALOG_COMPILER_GLOBAL_ACCENT_COLOR_NAME = AccentColor;
				CODE_SIGN_ENTITLEMENTS = petnames/petnames.entitlements;
				CODE_SIGN_STYLE = Automatic;
				CURRENT_PROJECT_VERSION = 2;
				DEVELOPMENT_TEAM = 9V592235FH;
				ENABLE_PREVIEWS = YES;
				GENERATE_INFOPLIST_FILE = YES;
				INFOPLIST_FILE = petnames/Info.plist;
				INFOPLIST_KEY_CFBundleDisplayName = Petnames;
				INFOPLIST_KEY_LSApplicationCategoryType = "public.app-category.lifestyle";
				INFOPLIST_KEY_UIApplicationSceneManifest_Generation = YES;
				INFOPLIST_KEY_UIApplicationSupportsIndirectInputEvents = YES;
				INFOPLIST_KEY_UILaunchScreen_Generation = YES;
				INFOPLIST_KEY_UISupportedInterfaceOrientations = UIInterfaceOrientationPortrait;
				INFOPLIST_KEY_UISupportedInterfaceOrientations_iPad = "UIInterfaceOrientationLandscapeLeft UIInterfaceOrientationLandscapeRight UIInterfaceOrientationPortrait UIInterfaceOrientationPortraitUpsideDown";
				LD_RUNPATH_SEARCH_PATHS = (
					"$(inherited)",
					"@executable_path/Frameworks",
				);
				MARKETING_VERSION = 5.1;
				PRODUCT_BUNDLE_IDENTIFIER = com.kerryman.petnames;
				PRODUCT_NAME = "$(TARGET_NAME)";
				STRING_CATALOG_GENERATE_SYMBOLS = YES;
				SWIFT_EMIT_LOC_STRINGS = YES;
				SWIFT_VERSION = 5.0;
				TARGETED_DEVICE_FAMILY = "1,2";
			};
			name = Debug;
		};
		EF758E1E2F1BE314008EDB49 /* Release */ = {
			isa = XCBuildConfiguration;
			buildSettings = {
				ASSETCATALOG_COMPILER_APPICON_NAME = AppIcon;
				ASSETCATALOG_COMPILER_GLOBAL_ACCENT_COLOR_NAME = AccentColor;
				CODE_SIGN_ENTITLEMENTS = petnames/petnames.entitlements;
				CODE_SIGN_STYLE = Automatic;
				CURRENT_PROJECT_VERSION = 2;
				DEVELOPMENT_TEAM = 9V592235FH;
				ENABLE_PREVIEWS = YES;
				GENERATE_INFOPLIST_FILE = YES;
				INFOPLIST_FILE = petnames/Info.plist;
				INFOPLIST_KEY_CFBundleDisplayName = Petnames;
				INFOPLIST_KEY_LSApplicationCategoryType = "public.app-category.lifestyle";
				INFOPLIST_KEY_UIApplicationSceneManifest_Generation = YES;
				INFOPLIST_KEY_UIApplicationSupportsIndirectInputEvents = YES;
				INFOPLIST_KEY_UILaunchScreen_Generation = YES;
				INFOPLIST_KEY_UISupportedInterfaceOrientations = UIInterfaceOrientationPortrait;
				INFOPLIST_KEY_UISupportedInterfaceOrientations_iPad = "UIInterfaceOrientationLandscapeLeft UIInterfaceOrientationLandscapeRight UIInterfaceOrientationPortrait UIInterfaceOrientationPortraitUpsideDown";
				LD_RUNPATH_SEARCH_PATHS = (
					"$(inherited)",
					"@executable_path/Frameworks",
				);
				MARKETING_VERSION = 5.1;
				PRODUCT_BUNDLE_IDENTIFIER = com.kerryman.petnames;
				PRODUCT_NAME = "$(TARGET_NAME)";
				STRING_CATALOG_GENERATE_SYMBOLS = YES;
				SWIFT_EMIT_LOC_STRINGS = YES;
				SWIFT_VERSION = 5.0;
				TARGETED_DEVICE_FAMILY = "1,2";
			};
			name = Release;
		};
		EF758E202F1BE314008EDB49 /* Debug */ = {
			isa = XCBuildConfiguration;
			buildSettings = {
				BUNDLE_LOADER = "$(TEST_HOST)";
				CODE_SIGN_STYLE = Automatic;
				CURRENT_PROJECT_VERSION = 1;
				DEVELOPMENT_TEAM = 9V592235FH;
				GENERATE_INFOPLIST_FILE = YES;
				IPHONEOS_DEPLOYMENT_TARGET = 17.0;
				MARKETING_VERSION = 1.0;
				PRODUCT_BUNDLE_IDENTIFIER = com.kinder.petnamesTests;
				PRODUCT_NAME = "$(TARGET_NAME)";
				STRING_CATALOG_GENERATE_SYMBOLS = NO;
				SWIFT_EMIT_LOC_STRINGS = NO;
				SWIFT_VERSION = 5.0;
				TARGETED_DEVICE_FAMILY = "1,2";
				TEST_HOST = "$(BUILT_PRODUCTS_DIR)/petnames.app/$(BUNDLE_EXECUTABLE_FOLDER_PATH)/petnames";
			};
			name = Debug;
		};
		EF758E212F1BE314008EDB49 /* Release */ = {
			isa = XCBuildConfiguration;
			buildSettings = {
				BUNDLE_LOADER = "$(TEST_HOST)";
				CODE_SIGN_STYLE = Automatic;
				CURRENT_PROJECT_VERSION = 1;
				DEVELOPMENT_TEAM = 9V592235FH;
				GENERATE_INFOPLIST_FILE = YES;
				IPHONEOS_DEPLOYMENT_TARGET = 17.0;
				MARKETING_VERSION = 1.0;
				PRODUCT_BUNDLE_IDENTIFIER = com.kinder.petnamesTests;
				PRODUCT_NAME = "$(TARGET_NAME)";
				STRING_CATALOG_GENERATE_SYMBOLS = NO;
				SWIFT_EMIT_LOC_STRINGS = NO;
				SWIFT_VERSION = 5.0;
				TARGETED_DEVICE_FAMILY = "1,2";
				TEST_HOST = "$(BUILT_PRODUCTS_DIR)/petnames.app/$(BUNDLE_EXECUTABLE_FOLDER_PATH)/petnames";
			};
			name = Release;
		};
		EF758E232F1BE314008EDB49 /* Debug */ = {
			isa = XCBuildConfiguration;
			buildSettings = {
				CODE_SIGN_STYLE = Automatic;
				CURRENT_PROJECT_VERSION = 1;
				DEVELOPMENT_TEAM = 9V592235FH;
				GENERATE_INFOPLIST_FILE = YES;
				MARKETING_VERSION = 1.0;
				PRODUCT_BUNDLE_IDENTIFIER = com.kinder.petnamesUITests;
				PRODUCT_NAME = "$(TARGET_NAME)";
				STRING_CATALOG_GENERATE_SYMBOLS = NO;
				SWIFT_EMIT_LOC_STRINGS = NO;
				SWIFT_VERSION = 5.0;
				TARGETED_DEVICE_FAMILY = "1,2";
				TEST_TARGET_NAME = petnames;
			};
			name = Debug;
		};
		EF758E242F1BE314008EDB49 /* Release */ = {
			isa = XCBuildConfiguration;
			buildSettings = {
				CODE_SIGN_STYLE = Automatic;
				CURRENT_PROJECT_VERSION = 1;
				DEVELOPMENT_TEAM = 9V592235FH;
				GENERATE_INFOPLIST_FILE = YES;
				MARKETING_VERSION = 1.0;
				PRODUCT_BUNDLE_IDENTIFIER = com.kinder.petnamesUITests;
				PRODUCT_NAME = "$(TARGET_NAME)";
				STRING_CATALOG_GENERATE_SYMBOLS = NO;
				SWIFT_EMIT_LOC_STRINGS = NO;
				SWIFT_VERSION = 5.0;
				TARGETED_DEVICE_FAMILY = "1,2";
				TEST_TARGET_NAME = petnames;
			};
			name = Release;
		};
/* End XCBuildConfiguration section */

/* Begin XCConfigurationList section */
		EF758DF62F1BE311008EDB49 /* Build configuration list for PBXProject "petnames" */ = {
			isa = XCConfigurationList;
			buildConfigurations = (
				EF758E1A2F1BE314008EDB49 /* Debug */,
				EF758E1B2F1BE314008EDB49 /* Release */,
			);
			defaultConfigurationIsVisible = 0;
			defaultConfigurationName = Release;
		};
		EF758E1C2F1BE314008EDB49 /* Build configuration list for PBXNativeTarget "petnames" */ = {
			isa = XCConfigurationList;
			buildConfigurations = (
				EF758E1D2F1BE314008EDB49 /* Debug */,
				EF758E1E2F1BE314008EDB49 /* Release */,
			);
			defaultConfigurationIsVisible = 0;
			defaultConfigurationName = Release;
		};
		EF758E1F2F1BE314008EDB49 /* Build configuration list for PBXNativeTarget "petnamesTests" */ = {
			isa = XCConfigurationList;
			buildConfigurations = (
				EF758E202F1BE314008EDB49 /* Debug */,
				EF758E212F1BE314008EDB49 /* Release */,
			);
			defaultConfigurationIsVisible = 0;
			defaultConfigurationName = Release;
		};
		EF758E222F1BE314008EDB49 /* Build configuration list for PBXNativeTarget "petnamesUITests" */ = {
			isa = XCConfigurationList;
			buildConfigurations = (
				EF758E232F1BE314008EDB49 /* Debug */,
				EF758E242F1BE314008EDB49 /* Release */,
			);
			defaultConfigurationIsVisible = 0;
			defaultConfigurationName = Release;
		};
/* End XCConfigurationList section */

/* Begin XCRemoteSwiftPackageReference section */
		AA000000AAAAAAAA00000000 /* XCRemoteSwiftPackageReference "supabase-swift" */ = {
			isa = XCRemoteSwiftPackageReference;
			repositoryURL = "https://github.com/supabase/supabase-swift.git";
			requirement = {
				kind = upToNextMajorVersion;
				minimumVersion = 2.0.0;
			};
		};
/* End XCRemoteSwiftPackageReference section */

/* Begin XCSwiftPackageProductDependency section */
		AA000001AAAAAAAA00000000 /* Supabase */ = {
			isa = XCSwiftPackageProductDependency;
			package = AA000000AAAAAAAA00000000 /* XCRemoteSwiftPackageReference "supabase-swift" */;
			productName = Supabase;
		};
/* End XCSwiftPackageProductDependency section */
	};
	rootObject = EF758DF32F1BE311008EDB49 /* Project object */;
}
